// !$*UTF8*$!
{
	archiveVersion = 1;
	classes = {
	};
	objectVersion = 55;
	objects = {

/* Begin PBXBuildFile section */
		520EC90E2C71130A0094106D /* ChecklistModel.swift in Sources */ = {isa = PBXBuildFile; fileRef = 520EC90D2C71130A0094106D /* ChecklistModel.swift */; };
		520EC9102C71133C0094106D /* DailyChecklistViewModel.swift in Sources */ = {isa = PBXBuildFile; fileRef = 520EC90F2C71133C0094106D /* DailyChecklistViewModel.swift */; };
		520EC9122C7113620094106D /* QuestionView.swift in Sources */ = {isa = PBXBuildFile; fileRef = 520EC9112C7113620094106D /* QuestionView.swift */; };
		520EC9142C7116500094106D /* GoogleService-Info.plist in Resources */ = {isa = PBXBuildFile; fileRef = 520EC9132C7116500094106D /* GoogleService-Info.plist */; };
		520EC9162C7121160094106D /* PrayerTimeInputView.swift in Sources */ = {isa = PBXBuildFile; fileRef = 520EC9152C7121160094106D /* PrayerTimeInputView.swift */; };
		520EC9182C7122510094106D /* QuestionsViewModel.swift in Sources */ = {isa = PBXBuildFile; fileRef = 520EC9172C7122510094106D /* QuestionsViewModel.swift */; };
		520EC91A2C7122950094106D /* MultiQuestionInputView.swift in Sources */ = {isa = PBXBuildFile; fileRef = 520EC9192C7122940094106D /* MultiQuestionInputView.swift */; };
		52233FA12D39B07700CF7D7B /* AppState.swift in Sources */ = {isa = PBXBuildFile; fileRef = 52233FA02D39B07300CF7D7B /* AppState.swift */; };
		5223DA852D2F0E6600393437 /* HomePageView.swift in Sources */ = {isa = PBXBuildFile; fileRef = 5223DA842D2F0E6600393437 /* HomePageView.swift */; };
		5223DA872D2F383B00393437 /* WeekReviewView.swift in Sources */ = {isa = PBXBuildFile; fileRef = 5223DA862D2F383B00393437 /* WeekReviewView.swift */; };
		5223DA892D2F385800393437 /* WeekPreviewView.swift in Sources */ = {isa = PBXBuildFile; fileRef = 5223DA882D2F385800393437 /* WeekPreviewView.swift */; };
		525202162DA9739100B6831C /* MyPlanningAheadView.swift in Sources */ = {isa = PBXBuildFile; fileRef = 525202152DA9738C00B6831C /* MyPlanningAheadView.swift */; };
		5256790D2E41074F00E8FD81 /* LoginView.swift in Sources */ = {isa = PBXBuildFile; fileRef = 5256790C2E41074900E8FD81 /* LoginView.swift */; };
		525999AF2C948AF600A892A1 /* ChecklistItem.swift in Sources */ = {isa = PBXBuildFile; fileRef = 525999AE2C948AF600A892A1 /* ChecklistItem.swift */; };
		525999B12C949AEF00A892A1 /* LookingAheadView.swift in Sources */ = {isa = PBXBuildFile; fileRef = 525999B02C949AEF00A892A1 /* LookingAheadView.swift */; };
		525999B32C94AA4C00A892A1 /* FraternityChatView.swift in Sources */ = {isa = PBXBuildFile; fileRef = 525999B22C94AA4C00A892A1 /* FraternityChatView.swift */; };
		525999B52C94ABF400A892A1 /* SplashScreenView.swift in Sources */ = {isa = PBXBuildFile; fileRef = 525999B42C94ABF400A892A1 /* SplashScreenView.swift */; };
		525A0C3D2D2DE94D008FA8F2 /* DailyChecklistModel.swift in Sources */ = {isa = PBXBuildFile; fileRef = 525A0C3C2D2DE94D008FA8F2 /* DailyChecklistModel.swift */; };
		525CBC532C93992600D08C8A /* UserDefaultsManger.swift in Sources */ = {isa = PBXBuildFile; fileRef = 525CBC522C93992600D08C8A /* UserDefaultsManger.swift */; };
		525CBC552C9412B900D08C8A /* SaveInformationView.swift in Sources */ = {isa = PBXBuildFile; fileRef = 525CBC542C9412B900D08C8A /* SaveInformationView.swift */; };
		5261C0372C70F2930010F7CD /* Discernment180WApp.swift in Sources */ = {isa = PBXBuildFile; fileRef = 5261C0362C70F2930010F7CD /* Discernment180WApp.swift */; };
		5261C0392C70F2930010F7CD /* ContentView.swift in Sources */ = {isa = PBXBuildFile; fileRef = 5261C0382C70F2930010F7CD /* ContentView.swift */; };
		5261C03B2C70F2940010F7CD /* Assets.xcassets in Resources */ = {isa = PBXBuildFile; fileRef = 5261C03A2C70F2940010F7CD /* Assets.xcassets */; };
		5261C03E2C70F2940010F7CD /* Preview Assets.xcassets in Resources */ = {isa = PBXBuildFile; fileRef = 5261C03D2C70F2940010F7CD /* Preview Assets.xcassets */; };
		5261C0482C70F2950010F7CD /* Discernment180WTests.swift in Sources */ = {isa = PBXBuildFile; fileRef = 5261C0472C70F2950010F7CD /* Discernment180WTests.swift */; };
		5261C0522C70F2950010F7CD /* Discernment180WUITests.swift in Sources */ = {isa = PBXBuildFile; fileRef = 5261C0512C70F2950010F7CD /* Discernment180WUITests.swift */; };
		5261C0542C70F2950010F7CD /* Discernment180WUITestsLaunchTests.swift in Sources */ = {isa = PBXBuildFile; fileRef = 5261C0532C70F2950010F7CD /* Discernment180WUITestsLaunchTests.swift */; };
		5261C0612C70F2D60010F7CD /* DailyReadingView.swift in Sources */ = {isa = PBXBuildFile; fileRef = 5261C0602C70F2D60010F7CD /* DailyReadingView.swift */; };
		5261C0632C70F2FE0010F7CD /* DailyChecklistView.swift in Sources */ = {isa = PBXBuildFile; fileRef = 5261C0622C70F2FE0010F7CD /* DailyChecklistView.swift */; };
		5261C0672C70F4070010F7CD /* ReadingModel.swift in Sources */ = {isa = PBXBuildFile; fileRef = 5261C0662C70F4070010F7CD /* ReadingModel.swift */; };
		527DA4C42DA8668A00DFEA49 /* PrayersView.swift in Sources */ = {isa = PBXBuildFile; fileRef = 527DA4C32DA8668400DFEA49 /* PrayersView.swift */; };
		529546672C70F77600133F16 /* AuthViewModel.swift in Sources */ = {isa = PBXBuildFile; fileRef = 529546662C70F77600133F16 /* AuthViewModel.swift */; };
		529546692C70F93400133F16 /* AuthView.swift in Sources */ = {isa = PBXBuildFile; fileRef = 529546682C70F93400133F16 /* AuthView.swift */; };
		52A56DE82D19BBB60093EAFD /* ExcursusView.swift in Sources */ = {isa = PBXBuildFile; fileRef = 52A56DE72D19BBB60093EAFD /* ExcursusView.swift */; };
		52AD3F262E566BA100A5CF7F /* MyRuleView.swift in Sources */ = {isa = PBXBuildFile; fileRef = 52AD3F252E566B9C00A5CF7F /* MyRuleView.swift */; };
		52AD3F282E595A3E00A5CF7F /* RuleOfLifeFormView.swift in Sources */ = {isa = PBXBuildFile; fileRef = 52AD3F272E595A3E00A5CF7F /* RuleOfLifeFormView.swift */; };
		52BE05252E4BA4F800A8495D /* SpeechManager.swift in Sources */ = {isa = PBXBuildFile; fileRef = 52BE05242E4BA4F400A8495D /* SpeechManager.swift */; };
		52BE49EE2D67DCE300EE549F /* File.txt in Resources */ = {isa = PBXBuildFile; fileRef = 52BE49ED2D67DCE300EE549F /* File.txt */; };
		52C47EF42CF0438D007B8E46 /* PostVideoScreen.swift in Sources */ = {isa = PBXBuildFile; fileRef = 52C47EF32CF0438D007B8E46 /* PostVideoScreen.swift */; };
		52C47EF82CF04A3E007B8E46 /* ColorExtensions.swift in Sources */ = {isa = PBXBuildFile; fileRef = 52C47EF72CF04A3E007B8E46 /* ColorExtensions.swift */; };
		52C47EFA2CF0CF94007B8E46 /* CalendarPageView.swift in Sources */ = {isa = PBXBuildFile; fileRef = 52C47EF92CF0CF94007B8E46 /* CalendarPageView.swift */; };
		52C47EFC2CF0D207007B8E46 /* Before180DaysView.swift in Sources */ = {isa = PBXBuildFile; fileRef = 52C47EFB2CF0D207007B8E46 /* Before180DaysView.swift */; };
		52C47EFE2CF0D3BE007B8E46 /* SignUpPageView.swift in Sources */ = {isa = PBXBuildFile; fileRef = 52C47EFD2CF0D3BE007B8E46 /* SignUpPageView.swift */; };
		52C7656F2D35C1C4002336AA /* Supabase.swift in Sources */ = {isa = PBXBuildFile; fileRef = 52C7656E2D35C1C0002336AA /* Supabase.swift */; };
		52CC8C972D3AF77500924222 /* UserProfileView.swift in Sources */ = {isa = PBXBuildFile; fileRef = 52CC8C962D3AF77200924222 /* UserProfileView.swift */; };
		52CC8C992D3AF7D600924222 /* NavigationHubView.swift in Sources */ = {isa = PBXBuildFile; fileRef = 52CC8C982D3AF7D100924222 /* NavigationHubView.swift */; };
		52CE72BD2D31949A001E7C70 /* CoreData.framework in Frameworks */ = {isa = PBXBuildFile; fileRef = 52CE72BC2D31949A001E7C70 /* CoreData.framework */; };
		52CE72C22D31A36D001E7C70 /* Discernment180.xcdatamodeld in Sources */ = {isa = PBXBuildFile; fileRef = 52CE72C02D31A36D001E7C70 /* Discernment180.xcdatamodeld */; };
		52CE72C82D31ABA4001E7C70 /* PersistanceController.swift in Sources */ = {isa = PBXBuildFile; fileRef = 52CE72C72D31AB91001E7C70 /* PersistanceController.swift */; };
		52CE89172E4D126500A2D4F8 /* Day0View.swift in Sources */ = {isa = PBXBuildFile; fileRef = 52CE89162E4D126500A2D4F8 /* Day0View.swift */; };
		52E92AC22DF0F9A200F5DB3B /* ResourceView.swift in Sources */ = {isa = PBXBuildFile; fileRef = 52E92AC12DF0F9A200F5DB3B /* ResourceView.swift */; };
		52EFCE232CF02BF800912C47 /* d180.txt in Resources */ = {isa = PBXBuildFile; fileRef = 52EFCE222CF02BF800912C47 /* d180.txt */; };
		52EFCE252CF031A300912C47 /* VideoPlayerView.swift in Sources */ = {isa = PBXBuildFile; fileRef = 52EFCE242CF031A300912C47 /* VideoPlayerView.swift */; };
		52EFCE272CF0339700912C47 /* WebView.swift in Sources */ = {isa = PBXBuildFile; fileRef = 52EFCE262CF0339700912C47 /* WebView.swift */; };
		52F482F42D35B396003F3874 /* SupabaseManager.swift in Sources */ = {isa = PBXBuildFile; fileRef = 52F482F32D35B391003F3874 /* SupabaseManager.swift */; };
		52F482F82D35B719003F3874 /* Supabase in Frameworks */ = {isa = PBXBuildFile; productRef = 52F482F72D35B719003F3874 /* Supabase */; };
		52F9B7E02CC2E05000B28BB3 /* LetterView.swift in Sources */ = {isa = PBXBuildFile; fileRef = 52F9B7DF2CC2E05000B28BB3 /* LetterView.swift */; };
		800F68832E5F501800D39BB2 /* WeekReviewSections.swift in Sources */ = {isa = PBXBuildFile; fileRef = 800F68822E5F501800D39BB2 /* WeekReviewSections.swift */; };
		800F68842E5F501800D39BB2 /* WeekReviewModels.swift in Sources */ = {isa = PBXBuildFile; fileRef = 800F68812E5F501800D39BB2 /* WeekReviewModels.swift */; };
		800F68872E71EA5A00D39BB2 /* welcome_to_discernment_180 (720p).mp4 in Resources */ = {isa = PBXBuildFile; fileRef = 800F68862E71EA5A00D39BB2 /* welcome_to_discernment_180 (720p).mp4 */; };
		800F68882E71EA5A00D39BB2 /* auto_generated_captions.vtt in Resources */ = {isa = PBXBuildFile; fileRef = 800F68852E71EA5A00D39BB2 /* auto_generated_captions.vtt */; };
/* End PBXBuildFile section */

/* Begin PBXContainerItemProxy section */
		5261C0442C70F2950010F7CD /* PBXContainerItemProxy */ = {
			isa = PBXContainerItemProxy;
			containerPortal = 5261C02B2C70F2930010F7CD /* Project object */;
			proxyType = 1;
			remoteGlobalIDString = 5261C0322C70F2930010F7CD;
			remoteInfo = Discernment180W;
		};
		5261C04E2C70F2950010F7CD /* PBXContainerItemProxy */ = {
			isa = PBXContainerItemProxy;
			containerPortal = 5261C02B2C70F2930010F7CD /* Project object */;
			proxyType = 1;
			remoteGlobalIDString = 5261C0322C70F2930010F7CD;
			remoteInfo = Discernment180W;
		};
/* End PBXContainerItemProxy section */

/* Begin PBXFileReference section */
		520C5B522D8F286B00D684FF /* Info.plist */ = {isa = PBXFileReference; lastKnownFileType = text.plist; path = Info.plist; sourceTree = "<group>"; };
		520EC90D2C71130A0094106D /* ChecklistModel.swift */ = {isa = PBXFileReference; lastKnownFileType = sourcecode.swift; path = ChecklistModel.swift; sourceTree = "<group>"; };
		520EC90F2C71133C0094106D /* DailyChecklistViewModel.swift */ = {isa = PBXFileReference; lastKnownFileType = sourcecode.swift; path = DailyChecklistViewModel.swift; sourceTree = "<group>"; };
		520EC9112C7113620094106D /* QuestionView.swift */ = {isa = PBXFileReference; lastKnownFileType = sourcecode.swift; path = QuestionView.swift; sourceTree = "<group>"; };
		520EC9132C7116500094106D /* GoogleService-Info.plist */ = {isa = PBXFileReference; fileEncoding = 4; lastKnownFileType = text.plist.xml; path = "GoogleService-Info.plist"; sourceTree = "<group>"; };
		520EC9152C7121160094106D /* PrayerTimeInputView.swift */ = {isa = PBXFileReference; lastKnownFileType = sourcecode.swift; path = PrayerTimeInputView.swift; sourceTree = "<group>"; };
		520EC9172C7122510094106D /* QuestionsViewModel.swift */ = {isa = PBXFileReference; lastKnownFileType = sourcecode.swift; path = QuestionsViewModel.swift; sourceTree = "<group>"; };
		520EC9192C7122940094106D /* MultiQuestionInputView.swift */ = {isa = PBXFileReference; lastKnownFileType = sourcecode.swift; path = MultiQuestionInputView.swift; sourceTree = "<group>"; };
		52233FA02D39B07300CF7D7B /* AppState.swift */ = {isa = PBXFileReference; lastKnownFileType = sourcecode.swift; path = AppState.swift; sourceTree = "<group>"; };
		5223DA842D2F0E6600393437 /* HomePageView.swift */ = {isa = PBXFileReference; lastKnownFileType = sourcecode.swift; path = HomePageView.swift; sourceTree = "<group>"; };
		5223DA862D2F383B00393437 /* WeekReviewView.swift */ = {isa = PBXFileReference; lastKnownFileType = sourcecode.swift; path = WeekReviewView.swift; sourceTree = "<group>"; };
		5223DA882D2F385800393437 /* WeekPreviewView.swift */ = {isa = PBXFileReference; lastKnownFileType = sourcecode.swift; path = WeekPreviewView.swift; sourceTree = "<group>"; };
		525202152DA9738C00B6831C /* MyPlanningAheadView.swift */ = {isa = PBXFileReference; lastKnownFileType = sourcecode.swift; path = MyPlanningAheadView.swift; sourceTree = "<group>"; };
		5256790C2E41074900E8FD81 /* LoginView.swift */ = {isa = PBXFileReference; lastKnownFileType = sourcecode.swift; path = LoginView.swift; sourceTree = "<group>"; };
		525999AE2C948AF600A892A1 /* ChecklistItem.swift */ = {isa = PBXFileReference; lastKnownFileType = sourcecode.swift; path = ChecklistItem.swift; sourceTree = "<group>"; };
		525999B02C949AEF00A892A1 /* LookingAheadView.swift */ = {isa = PBXFileReference; lastKnownFileType = sourcecode.swift; path = LookingAheadView.swift; sourceTree = "<group>"; };
		525999B22C94AA4C00A892A1 /* FraternityChatView.swift */ = {isa = PBXFileReference; lastKnownFileType = sourcecode.swift; path = FraternityChatView.swift; sourceTree = "<group>"; };
		525999B42C94ABF400A892A1 /* SplashScreenView.swift */ = {isa = PBXFileReference; lastKnownFileType = sourcecode.swift; path = SplashScreenView.swift; sourceTree = "<group>"; };
		525A0C3C2D2DE94D008FA8F2 /* DailyChecklistModel.swift */ = {isa = PBXFileReference; lastKnownFileType = sourcecode.swift; path = DailyChecklistModel.swift; sourceTree = "<group>"; };
		525CBC522C93992600D08C8A /* UserDefaultsManger.swift */ = {isa = PBXFileReference; lastKnownFileType = sourcecode.swift; path = UserDefaultsManger.swift; sourceTree = "<group>"; };
		525CBC542C9412B900D08C8A /* SaveInformationView.swift */ = {isa = PBXFileReference; lastKnownFileType = sourcecode.swift; path = SaveInformationView.swift; sourceTree = "<group>"; };
		5261C0332C70F2930010F7CD /* Discernment180W.app */ = {isa = PBXFileReference; explicitFileType = wrapper.application; includeInIndex = 0; path = Discernment180W.app; sourceTree = BUILT_PRODUCTS_DIR; };
		5261C0362C70F2930010F7CD /* Discernment180WApp.swift */ = {isa = PBXFileReference; lastKnownFileType = sourcecode.swift; path = Discernment180WApp.swift; sourceTree = "<group>"; };
		5261C0382C70F2930010F7CD /* ContentView.swift */ = {isa = PBXFileReference; lastKnownFileType = sourcecode.swift; path = ContentView.swift; sourceTree = "<group>"; };
		5261C03A2C70F2940010F7CD /* Assets.xcassets */ = {isa = PBXFileReference; lastKnownFileType = folder.assetcatalog; path = Assets.xcassets; sourceTree = "<group>"; };
		5261C03D2C70F2940010F7CD /* Preview Assets.xcassets */ = {isa = PBXFileReference; lastKnownFileType = folder.assetcatalog; path = "Preview Assets.xcassets"; sourceTree = "<group>"; };
		5261C0432C70F2950010F7CD /* Discernment180WTests.xctest */ = {isa = PBXFileReference; explicitFileType = wrapper.cfbundle; includeInIndex = 0; path = Discernment180WTests.xctest; sourceTree = BUILT_PRODUCTS_DIR; };
		5261C0472C70F2950010F7CD /* Discernment180WTests.swift */ = {isa = PBXFileReference; lastKnownFileType = sourcecode.swift; path = Discernment180WTests.swift; sourceTree = "<group>"; };
		5261C04D2C70F2950010F7CD /* Discernment180WUITests.xctest */ = {isa = PBXFileReference; explicitFileType = wrapper.cfbundle; includeInIndex = 0; path = Discernment180WUITests.xctest; sourceTree = BUILT_PRODUCTS_DIR; };
		5261C0512C70F2950010F7CD /* Discernment180WUITests.swift */ = {isa = PBXFileReference; lastKnownFileType = sourcecode.swift; path = Discernment180WUITests.swift; sourceTree = "<group>"; };
		5261C0532C70F2950010F7CD /* Discernment180WUITestsLaunchTests.swift */ = {isa = PBXFileReference; lastKnownFileType = sourcecode.swift; path = Discernment180WUITestsLaunchTests.swift; sourceTree = "<group>"; };
		5261C0602C70F2D60010F7CD /* DailyReadingView.swift */ = {isa = PBXFileReference; lastKnownFileType = sourcecode.swift; path = DailyReadingView.swift; sourceTree = "<group>"; wrapsLines = 0; };
		5261C0622C70F2FE0010F7CD /* DailyChecklistView.swift */ = {isa = PBXFileReference; lastKnownFileType = sourcecode.swift; path = DailyChecklistView.swift; sourceTree = "<group>"; };
		5261C0662C70F4070010F7CD /* ReadingModel.swift */ = {isa = PBXFileReference; fileEncoding = 4; lastKnownFileType = sourcecode.swift; path = ReadingModel.swift; sourceTree = "<group>"; };
		5261C0682C70F5000010F7CD /* GoogleService-Info.plist */ = {isa = PBXFileReference; fileEncoding = 4; lastKnownFileType = text.plist.xml; path = "GoogleService-Info.plist"; sourceTree = "<group>"; };
		527DA4C32DA8668400DFEA49 /* PrayersView.swift */ = {isa = PBXFileReference; lastKnownFileType = sourcecode.swift; path = PrayersView.swift; sourceTree = "<group>"; };
		527DA4C52DA9705900DFEA49 /* Untitled 2.swift */ = {isa = PBXFileReference; lastKnownFileType = sourcecode.swift; path = "Untitled 2.swift"; sourceTree = "<group>"; };
		527DA4C62DA970C600DFEA49 /* Untitled 3.swift */ = {isa = PBXFileReference; lastKnownFileType = sourcecode.swift; path = "Untitled 3.swift"; sourceTree = "<group>"; };
		529546662C70F77600133F16 /* AuthViewModel.swift */ = {isa = PBXFileReference; lastKnownFileType = sourcecode.swift; path = AuthViewModel.swift; sourceTree = "<group>"; };
		529546682C70F93400133F16 /* AuthView.swift */ = {isa = PBXFileReference; lastKnownFileType = sourcecode.swift; path = AuthView.swift; sourceTree = "<group>"; };
		52A56DE72D19BBB60093EAFD /* ExcursusView.swift */ = {isa = PBXFileReference; lastKnownFileType = sourcecode.swift; path = ExcursusView.swift; sourceTree = "<group>"; };
		52AD3F252E566B9C00A5CF7F /* MyRuleView.swift */ = {isa = PBXFileReference; lastKnownFileType = sourcecode.swift; path = MyRuleView.swift; sourceTree = "<group>"; };
		52AD3F272E595A3E00A5CF7F /* RuleOfLifeFormView.swift */ = {isa = PBXFileReference; lastKnownFileType = sourcecode.swift; path = RuleOfLifeFormView.swift; sourceTree = "<group>"; };
		52BE05242E4BA4F400A8495D /* SpeechManager.swift */ = {isa = PBXFileReference; lastKnownFileType = sourcecode.swift; path = SpeechManager.swift; sourceTree = "<group>"; };
		52BE49ED2D67DCE300EE549F /* File.txt */ = {isa = PBXFileReference; lastKnownFileType = text; path = File.txt; sourceTree = "<group>"; };
		52C47EF32CF0438D007B8E46 /* PostVideoScreen.swift */ = {isa = PBXFileReference; lastKnownFileType = sourcecode.swift; path = PostVideoScreen.swift; sourceTree = "<group>"; };
		52C47EF72CF04A3E007B8E46 /* ColorExtensions.swift */ = {isa = PBXFileReference; lastKnownFileType = sourcecode.swift; path = ColorExtensions.swift; sourceTree = "<group>"; };
		52C47EF92CF0CF94007B8E46 /* CalendarPageView.swift */ = {isa = PBXFileReference; lastKnownFileType = sourcecode.swift; path = CalendarPageView.swift; sourceTree = "<group>"; };
		52C47EFB2CF0D207007B8E46 /* Before180DaysView.swift */ = {isa = PBXFileReference; lastKnownFileType = sourcecode.swift; path = Before180DaysView.swift; sourceTree = "<group>"; };
		52C47EFD2CF0D3BE007B8E46 /* SignUpPageView.swift */ = {isa = PBXFileReference; lastKnownFileType = sourcecode.swift; path = SignUpPageView.swift; sourceTree = "<group>"; };
		52C7656E2D35C1C0002336AA /* Supabase.swift */ = {isa = PBXFileReference; lastKnownFileType = sourcecode.swift; path = Supabase.swift; sourceTree = "<group>"; };
		52CC8C962D3AF77200924222 /* UserProfileView.swift */ = {isa = PBXFileReference; lastKnownFileType = sourcecode.swift; path = UserProfileView.swift; sourceTree = "<group>"; };
		52CC8C982D3AF7D100924222 /* NavigationHubView.swift */ = {isa = PBXFileReference; lastKnownFileType = sourcecode.swift; path = NavigationHubView.swift; sourceTree = "<group>"; };
		52CE72BC2D31949A001E7C70 /* CoreData.framework */ = {isa = PBXFileReference; lastKnownFileType = wrapper.framework; name = CoreData.framework; path = System/Library/Frameworks/CoreData.framework; sourceTree = SDKROOT; };
		52CE72C12D31A36D001E7C70 /* Discernment180.xcdatamodel */ = {isa = PBXFileReference; lastKnownFileType = wrapper.xcdatamodel; path = Discernment180.xcdatamodel; sourceTree = "<group>"; };
		52CE72C72D31AB91001E7C70 /* PersistanceController.swift */ = {isa = PBXFileReference; lastKnownFileType = sourcecode.swift; path = PersistanceController.swift; sourceTree = "<group>"; };
		52CE89162E4D126500A2D4F8 /* Day0View.swift */ = {isa = PBXFileReference; lastKnownFileType = sourcecode.swift; path = Day0View.swift; sourceTree = "<group>"; };
		52E92AC12DF0F9A200F5DB3B /* ResourceView.swift */ = {isa = PBXFileReference; lastKnownFileType = sourcecode.swift; path = ResourceView.swift; sourceTree = "<group>"; };
		52EFCE222CF02BF800912C47 /* d180.txt */ = {isa = PBXFileReference; fileEncoding = 4; lastKnownFileType = text; path = d180.txt; sourceTree = "<group>"; };
		52EFCE242CF031A300912C47 /* VideoPlayerView.swift */ = {isa = PBXFileReference; lastKnownFileType = sourcecode.swift; path = VideoPlayerView.swift; sourceTree = "<group>"; };
		52EFCE262CF0339700912C47 /* WebView.swift */ = {isa = PBXFileReference; lastKnownFileType = sourcecode.swift; path = WebView.swift; sourceTree = "<group>"; };
		52F482F32D35B391003F3874 /* SupabaseManager.swift */ = {isa = PBXFileReference; lastKnownFileType = sourcecode.swift; path = SupabaseManager.swift; sourceTree = "<group>"; };
		52F9B7DF2CC2E05000B28BB3 /* LetterView.swift */ = {isa = PBXFileReference; lastKnownFileType = sourcecode.swift; path = LetterView.swift; sourceTree = "<group>"; };
		800F68812E5F501800D39BB2 /* WeekReviewModels.swift */ = {isa = PBXFileReference; lastKnownFileType = sourcecode.swift; path = WeekReviewModels.swift; sourceTree = "<group>"; };
		800F68822E5F501800D39BB2 /* WeekReviewSections.swift */ = {isa = PBXFileReference; lastKnownFileType = sourcecode.swift; path = WeekReviewSections.swift; sourceTree = "<group>"; };
		800F68852E71EA5A00D39BB2 /* auto_generated_captions.vtt */ = {isa = PBXFileReference; lastKnownFileType = text; path = auto_generated_captions.vtt; sourceTree = "<group>"; };
		800F68862E71EA5A00D39BB2 /* welcome_to_discernment_180 (720p).mp4 */ = {isa = PBXFileReference; lastKnownFileType = file; path = "welcome_to_discernment_180 (720p).mp4"; sourceTree = "<group>"; };
/* End PBXFileReference section */

/* Begin PBXFrameworksBuildPhase section */
		5261C0302C70F2930010F7CD /* Frameworks */ = {
			isa = PBXFrameworksBuildPhase;
			buildActionMask = 2147483647;
			files = (
				52CE72BD2D31949A001E7C70 /* CoreData.framework in Frameworks */,
				52F482F82D35B719003F3874 /* Supabase in Frameworks */,
			);
			runOnlyForDeploymentPostprocessing = 0;
		};
		5261C0402C70F2950010F7CD /* Frameworks */ = {
			isa = PBXFrameworksBuildPhase;
			buildActionMask = 2147483647;
			files = (
			);
			runOnlyForDeploymentPostprocessing = 0;
		};
		5261C04A2C70F2950010F7CD /* Frameworks */ = {
			isa = PBXFrameworksBuildPhase;
			buildActionMask = 2147483647;
			files = (
			);
			runOnlyForDeploymentPostprocessing = 0;
		};
/* End PBXFrameworksBuildPhase section */

/* Begin PBXGroup section */
		5261C02A2C70F2930010F7CD = {
			isa = PBXGroup;
			children = (
				525A0C3C2D2DE94D008FA8F2 /* DailyChecklistModel.swift */,
				52CE72C02D31A36D001E7C70 /* Discernment180.xcdatamodeld */,
				5261C0352C70F2930010F7CD /* Discernment180W */,
				5261C0462C70F2950010F7CD /* Discernment180WTests */,
				5261C0502C70F2950010F7CD /* Discernment180WUITests */,
				5261C0342C70F2930010F7CD /* Products */,
				FA87633E0A2B2BDC517A9635 /* Pods */,
				742FD7C85DF5BFD3203643C3 /* Frameworks */,
			);
			sourceTree = "<group>";
		};
		5261C0342C70F2930010F7CD /* Products */ = {
			isa = PBXGroup;
			children = (
				5261C0332C70F2930010F7CD /* Discernment180W.app */,
				5261C0432C70F2950010F7CD /* Discernment180WTests.xctest */,
				5261C04D2C70F2950010F7CD /* Discernment180WUITests.xctest */,
			);
			name = Products;
			sourceTree = "<group>";
		};
		5261C0352C70F2930010F7CD /* Discernment180W */ = {
			isa = PBXGroup;
			children = (
				52AD3F272E595A3E00A5CF7F /* RuleOfLifeFormView.swift */,
				52AD3F252E566B9C00A5CF7F /* MyRuleView.swift */,
				800F68892E71EA7D00D39BB2 /* videos */,
				52CE89162E4D126500A2D4F8 /* Day0View.swift */,
				52BE05242E4BA4F400A8495D /* SpeechManager.swift */,
				52E92AC12DF0F9A200F5DB3B /* ResourceView.swift */,
				525202152DA9738C00B6831C /* MyPlanningAheadView.swift */,
				527DA4C62DA970C600DFEA49 /* Untitled 3.swift */,
				527DA4C52DA9705900DFEA49 /* Untitled 2.swift */,
				527DA4C32DA8668400DFEA49 /* PrayersView.swift */,
				520C5B522D8F286B00D684FF /* Info.plist */,
				52CC8C982D3AF7D100924222 /* NavigationHubView.swift */,
				52233FA02D39B07300CF7D7B /* AppState.swift */,
				52C7656E2D35C1C0002336AA /* Supabase.swift */,
				52F482F32D35B391003F3874 /* SupabaseManager.swift */,
				5256790C2E41074900E8FD81 /* LoginView.swift */,
				52CE72C72D31AB91001E7C70 /* PersistanceController.swift */,
				5261C0362C70F2930010F7CD /* Discernment180WApp.swift */,
				5223DA842D2F0E6600393437 /* HomePageView.swift */,
				52CC8C962D3AF77200924222 /* UserProfileView.swift */,
				52C47EFD2CF0D3BE007B8E46 /* SignUpPageView.swift */,
				52C47EF92CF0CF94007B8E46 /* CalendarPageView.swift */,
				52C47EF32CF0438D007B8E46 /* PostVideoScreen.swift */,
				52A56DE72D19BBB60093EAFD /* ExcursusView.swift */,
				525999B02C949AEF00A892A1 /* LookingAheadView.swift */,
				525CBC522C93992600D08C8A /* UserDefaultsManger.swift */,
				52C47EF72CF04A3E007B8E46 /* ColorExtensions.swift */,
				520EC9112C7113620094106D /* QuestionView.swift */,
				525CBC542C9412B900D08C8A /* SaveInformationView.swift */,
				520EC90F2C71133C0094106D /* DailyChecklistViewModel.swift */,
				529546662C70F77600133F16 /* AuthViewModel.swift */,
				52F9B7DF2CC2E05000B28BB3 /* LetterView.swift */,
				5261C0382C70F2930010F7CD /* ContentView.swift */,
				52EFCE222CF02BF800912C47 /* d180.txt */,
				5261C0682C70F5000010F7CD /* GoogleService-Info.plist */,
				5261C0662C70F4070010F7CD /* ReadingModel.swift */,
				5261C03A2C70F2940010F7CD /* Assets.xcassets */,
				5261C03C2C70F2940010F7CD /* Preview Content */,
				5261C0602C70F2D60010F7CD /* DailyReadingView.swift */,
				5261C0622C70F2FE0010F7CD /* DailyChecklistView.swift */,
				529546682C70F93400133F16 /* AuthView.swift */,
				520EC9132C7116500094106D /* GoogleService-Info.plist */,
				520EC90D2C71130A0094106D /* ChecklistModel.swift */,
				520EC9152C7121160094106D /* PrayerTimeInputView.swift */,
				520EC9172C7122510094106D /* QuestionsViewModel.swift */,
				520EC9192C7122940094106D /* MultiQuestionInputView.swift */,
				525999AE2C948AF600A892A1 /* ChecklistItem.swift */,
				525999B22C94AA4C00A892A1 /* FraternityChatView.swift */,
				525999B42C94ABF400A892A1 /* SplashScreenView.swift */,
				52EFCE242CF031A300912C47 /* VideoPlayerView.swift */,
				52EFCE262CF0339700912C47 /* WebView.swift */,
				52C47EFB2CF0D207007B8E46 /* Before180DaysView.swift */,
				5223DA862D2F383B00393437 /* WeekReviewView.swift */,
				800F68812E5F501800D39BB2 /* WeekReviewModels.swift */,
				800F68822E5F501800D39BB2 /* WeekReviewSections.swift */,
				52BE49ED2D67DCE300EE549F /* File.txt */,
				5223DA882D2F385800393437 /* WeekPreviewView.swift */,
			);
			path = Discernment180W;
			sourceTree = "<group>";
		};
		5261C03C2C70F2940010F7CD /* Preview Content */ = {
			isa = PBXGroup;
			children = (
				5261C03D2C70F2940010F7CD /* Preview Assets.xcassets */,
			);
			path = "Preview Content";
			sourceTree = "<group>";
		};
		5261C0462C70F2950010F7CD /* Discernment180WTests */ = {
			isa = PBXGroup;
			children = (
				5261C0472C70F2950010F7CD /* Discernment180WTests.swift */,
			);
			path = Discernment180WTests;
			sourceTree = "<group>";
		};
		5261C0502C70F2950010F7CD /* Discernment180WUITests */ = {
			isa = PBXGroup;
			children = (
				5261C0512C70F2950010F7CD /* Discernment180WUITests.swift */,
				5261C0532C70F2950010F7CD /* Discernment180WUITestsLaunchTests.swift */,
			);
			path = Discernment180WUITests;
			sourceTree = "<group>";
		};
		742FD7C85DF5BFD3203643C3 /* Frameworks */ = {
			isa = PBXGroup;
			children = (
				52CE72BC2D31949A001E7C70 /* CoreData.framework */,
			);
			name = Frameworks;
			sourceTree = "<group>";
		};
		800F68892E71EA7D00D39BB2 /* videos */ = {
			isa = PBXGroup;
			children = (
				800F68852E71EA5A00D39BB2 /* auto_generated_captions.vtt */,
				800F68862E71EA5A00D39BB2 /* welcome_to_discernment_180 (720p).mp4 */,
			);
			path = videos;
			sourceTree = "<group>";
		};
		FA87633E0A2B2BDC517A9635 /* Pods */ = {
			isa = PBXGroup;
			children = (
			);
			path = Pods;
			sourceTree = "<group>";
		};
/* End PBXGroup section */

/* Begin PBXNativeTarget section */
		5261C0322C70F2930010F7CD /* Discernment180W */ = {
			isa = PBXNativeTarget;
			buildConfigurationList = 5261C0572C70F2950010F7CD /* Build configuration list for PBXNativeTarget "Discernment180W" */;
			buildPhases = (
				5261C02F2C70F2930010F7CD /* Sources */,
				5261C0302C70F2930010F7CD /* Frameworks */,
				5261C0312C70F2930010F7CD /* Resources */,
			);
			buildRules = (
			);
			dependencies = (
			);
			name = Discernment180W;
			productName = Discernment180W;
			productReference = 5261C0332C70F2930010F7CD /* Discernment180W.app */;
			productType = "com.apple.product-type.application";
		};
		5261C0422C70F2950010F7CD /* Discernment180WTests */ = {
			isa = PBXNativeTarget;
			buildConfigurationList = 5261C05A2C70F2950010F7CD /* Build configuration list for PBXNativeTarget "Discernment180WTests" */;
			buildPhases = (
				5261C03F2C70F2950010F7CD /* Sources */,
				5261C0402C70F2950010F7CD /* Frameworks */,
				5261C0412C70F2950010F7CD /* Resources */,
			);
			buildRules = (
			);
			dependencies = (
				5261C0452C70F2950010F7CD /* PBXTargetDependency */,
			);
			name = Discernment180WTests;
			productName = Discernment180WTests;
			productReference = 5261C0432C70F2950010F7CD /* Discernment180WTests.xctest */;
			productType = "com.apple.product-type.bundle.unit-test";
		};
		5261C04C2C70F2950010F7CD /* Discernment180WUITests */ = {
			isa = PBXNativeTarget;
			buildConfigurationList = 5261C05D2C70F2950010F7CD /* Build configuration list for PBXNativeTarget "Discernment180WUITests" */;
			buildPhases = (
				5261C0492C70F2950010F7CD /* Sources */,
				5261C04A2C70F2950010F7CD /* Frameworks */,
				5261C04B2C70F2950010F7CD /* Resources */,
			);
			buildRules = (
			);
			dependencies = (
				5261C04F2C70F2950010F7CD /* PBXTargetDependency */,
			);
			name = Discernment180WUITests;
			productName = Discernment180WUITests;
			productReference = 5261C04D2C70F2950010F7CD /* Discernment180WUITests.xctest */;
			productType = "com.apple.product-type.bundle.ui-testing";
		};
/* End PBXNativeTarget section */

/* Begin PBXProject section */
		5261C02B2C70F2930010F7CD /* Project object */ = {
			isa = PBXProject;
			attributes = {
				BuildIndependentTargetsInParallel = 1;
				LastSwiftUpdateCheck = 1320;
				LastUpgradeCheck = 1620;
				TargetAttributes = {
					5261C0322C70F2930010F7CD = {
						CreatedOnToolsVersion = 13.2.1;
					};
					5261C0422C70F2950010F7CD = {
						CreatedOnToolsVersion = 13.2.1;
						TestTargetID = 5261C0322C70F2930010F7CD;
					};
					5261C04C2C70F2950010F7CD = {
						CreatedOnToolsVersion = 13.2.1;
						TestTargetID = 5261C0322C70F2930010F7CD;
					};
				};
			};
			buildConfigurationList = 5261C02E2C70F2930010F7CD /* Build configuration list for PBXProject "Discernment180W" */;
			compatibilityVersion = "Xcode 13.0";
			developmentRegion = en;
			hasScannedForEncodings = 0;
			knownRegions = (
				en,
				Base,
			);
			mainGroup = 5261C02A2C70F2930010F7CD;
			packageReferences = (
				52F482F22D35B32C003F3874 /* XCRemoteSwiftPackageReference "supabase-swift" */,
			);
			productRefGroup = 5261C0342C70F2930010F7CD /* Products */;
			projectDirPath = "";
			projectRoot = "";
			targets = (
				5261C0322C70F2930010F7CD /* Discernment180W */,
				5261C0422C70F2950010F7CD /* Discernment180WTests */,
				5261C04C2C70F2950010F7CD /* Discernment180WUITests */,
			);
		};
/* End PBXProject section */

/* Begin PBXResourcesBuildPhase section */
		5261C0312C70F2930010F7CD /* Resources */ = {
			isa = PBXResourcesBuildPhase;
			buildActionMask = 2147483647;
			files = (
				52BE49EE2D67DCE300EE549F /* File.txt in Resources */,
				5261C03E2C70F2940010F7CD /* Preview Assets.xcassets in Resources */,
				520EC9142C7116500094106D /* GoogleService-Info.plist in Resources */,
				800F68872E71EA5A00D39BB2 /* welcome_to_discernment_180 (720p).mp4 in Resources */,
				800F68882E71EA5A00D39BB2 /* auto_generated_captions.vtt in Resources */,
				5261C03B2C70F2940010F7CD /* Assets.xcassets in Resources */,
				52EFCE232CF02BF800912C47 /* d180.txt in Resources */,
			);
			runOnlyForDeploymentPostprocessing = 0;
		};
		5261C0412C70F2950010F7CD /* Resources */ = {
			isa = PBXResourcesBuildPhase;
			buildActionMask = 2147483647;
			files = (
			);
			runOnlyForDeploymentPostprocessing = 0;
		};
		5261C04B2C70F2950010F7CD /* Resources */ = {
			isa = PBXResourcesBuildPhase;
			buildActionMask = 2147483647;
			files = (
			);
			runOnlyForDeploymentPostprocessing = 0;
		};
/* End PBXResourcesBuildPhase section */

/* Begin PBXSourcesBuildPhase section */
		5261C02F2C70F2930010F7CD /* Sources */ = {
			isa = PBXSourcesBuildPhase;
			buildActionMask = 2147483647;
			files = (
				520EC9122C7113620094106D /* QuestionView.swift in Sources */,
				52C47EF82CF04A3E007B8E46 /* ColorExtensions.swift in Sources */,
				52CE72C22D31A36D001E7C70 /* Discernment180.xcdatamodeld in Sources */,
				52F482F42D35B396003F3874 /* SupabaseManager.swift in Sources */,
				520EC9162C7121160094106D /* PrayerTimeInputView.swift in Sources */,
				52CC8C972D3AF77500924222 /* UserProfileView.swift in Sources */,
				525CBC552C9412B900D08C8A /* SaveInformationView.swift in Sources */,
				5223DA872D2F383B00393437 /* WeekReviewView.swift in Sources */,
				800F68832E5F501800D39BB2 /* WeekReviewSections.swift in Sources */,
				800F68842E5F501800D39BB2 /* WeekReviewModels.swift in Sources */,
				5223DA852D2F0E6600393437 /* HomePageView.swift in Sources */,
				520EC9182C7122510094106D /* QuestionsViewModel.swift in Sources */,
				52CE89172E4D126500A2D4F8 /* Day0View.swift in Sources */,
				52AD3F262E566BA100A5CF7F /* MyRuleView.swift in Sources */,
				52C47EFA2CF0CF94007B8E46 /* CalendarPageView.swift in Sources */,
				525202162DA9739100B6831C /* MyPlanningAheadView.swift in Sources */,
				525A0C3D2D2DE94D008FA8F2 /* DailyChecklistModel.swift in Sources */,
				529546692C70F93400133F16 /* AuthView.swift in Sources */,
				5261C0632C70F2FE0010F7CD /* DailyChecklistView.swift in Sources */,
				525999B32C94AA4C00A892A1 /* FraternityChatView.swift in Sources */,
				520EC9102C71133C0094106D /* DailyChecklistViewModel.swift in Sources */,
				52C7656F2D35C1C4002336AA /* Supabase.swift in Sources */,
				525999AF2C948AF600A892A1 /* ChecklistItem.swift in Sources */,
				520EC90E2C71130A0094106D /* ChecklistModel.swift in Sources */,
				5261C0392C70F2930010F7CD /* ContentView.swift in Sources */,
				525999B52C94ABF400A892A1 /* SplashScreenView.swift in Sources */,
				525CBC532C93992600D08C8A /* UserDefaultsManger.swift in Sources */,
				52233FA12D39B07700CF7D7B /* AppState.swift in Sources */,
				525999B12C949AEF00A892A1 /* LookingAheadView.swift in Sources */,
				52E92AC22DF0F9A200F5DB3B /* ResourceView.swift in Sources */,
				52F9B7E02CC2E05000B28BB3 /* LetterView.swift in Sources */,
				529546672C70F77600133F16 /* AuthViewModel.swift in Sources */,
				52AD3F282E595A3E00A5CF7F /* RuleOfLifeFormView.swift in Sources */,
				5261C0612C70F2D60010F7CD /* DailyReadingView.swift in Sources */,
				5256790D2E41074F00E8FD81 /* LoginView.swift in Sources */,
				52BE05252E4BA4F800A8495D /* SpeechManager.swift in Sources */,
				52C47EFC2CF0D207007B8E46 /* Before180DaysView.swift in Sources */,
				52A56DE82D19BBB60093EAFD /* ExcursusView.swift in Sources */,
				52C47EFE2CF0D3BE007B8E46 /* SignUpPageView.swift in Sources */,
				5223DA892D2F385800393437 /* WeekPreviewView.swift in Sources */,
				5261C0372C70F2930010F7CD /* Discernment180WApp.swift in Sources */,
				527DA4C42DA8668A00DFEA49 /* PrayersView.swift in Sources */,
				52CC8C992D3AF7D600924222 /* NavigationHubView.swift in Sources */,
				5261C0672C70F4070010F7CD /* ReadingModel.swift in Sources */,
				520EC91A2C7122950094106D /* MultiQuestionInputView.swift in Sources */,
				52EFCE252CF031A300912C47 /* VideoPlayerView.swift in Sources */,
				52EFCE272CF0339700912C47 /* WebView.swift in Sources */,
				52C47EF42CF0438D007B8E46 /* PostVideoScreen.swift in Sources */,
				52CE72C82D31ABA4001E7C70 /* PersistanceController.swift in Sources */,
			);
			runOnlyForDeploymentPostprocessing = 0;
		};
		5261C03F2C70F2950010F7CD /* Sources */ = {
			isa = PBXSourcesBuildPhase;
			buildActionMask = 2147483647;
			files = (
				5261C0482C70F2950010F7CD /* Discernment180WTests.swift in Sources */,
			);
			runOnlyForDeploymentPostprocessing = 0;
		};
		5261C0492C70F2950010F7CD /* Sources */ = {
			isa = PBXSourcesBuildPhase;
			buildActionMask = 2147483647;
			files = (
				5261C0522C70F2950010F7CD /* Discernment180WUITests.swift in Sources */,
				5261C0542C70F2950010F7CD /* Discernment180WUITestsLaunchTests.swift in Sources */,
			);
			runOnlyForDeploymentPostprocessing = 0;
		};
/* End PBXSourcesBuildPhase section */

/* Begin PBXTargetDependency section */
		5261C0452C70F2950010F7CD /* PBXTargetDependency */ = {
			isa = PBXTargetDependency;
			target = 5261C0322C70F2930010F7CD /* Discernment180W */;
			targetProxy = 5261C0442C70F2950010F7CD /* PBXContainerItemProxy */;
		};
		5261C04F2C70F2950010F7CD /* PBXTargetDependency */ = {
			isa = PBXTargetDependency;
			target = 5261C0322C70F2930010F7CD /* Discernment180W */;
			targetProxy = 5261C04E2C70F2950010F7CD /* PBXContainerItemProxy */;
		};
/* End PBXTargetDependency section */

/* Begin XCBuildConfiguration section */
		5261C0552C70F2950010F7CD /* Debug */ = {
			isa = XCBuildConfiguration;
			buildSettings = {
				ALWAYS_SEARCH_USER_PATHS = NO;
				CLANG_ANALYZER_NONNULL = YES;
				CLANG_ANALYZER_NUMBER_OBJECT_CONVERSION = YES_AGGRESSIVE;
				CLANG_CXX_LANGUAGE_STANDARD = "gnu++17";
				CLANG_CXX_LIBRARY = "libc++";
				CLANG_ENABLE_MODULES = YES;
				CLANG_ENABLE_OBJC_ARC = YES;
				CLANG_ENABLE_OBJC_WEAK = YES;
				CLANG_WARN_BLOCK_CAPTURE_AUTORELEASING = YES;
				CLANG_WARN_BOOL_CONVERSION = YES;
				CLANG_WARN_COMMA = YES;
				CLANG_WARN_CONSTANT_CONVERSION = YES;
				CLANG_WARN_DEPRECATED_OBJC_IMPLEMENTATIONS = YES;
				CLANG_WARN_DIRECT_OBJC_ISA_USAGE = YES_ERROR;
				CLANG_WARN_DOCUMENTATION_COMMENTS = YES;
				CLANG_WARN_EMPTY_BODY = YES;
				CLANG_WARN_ENUM_CONVERSION = YES;
				CLANG_WARN_INFINITE_RECURSION = YES;
				CLANG_WARN_INT_CONVERSION = YES;
				CLANG_WARN_NON_LITERAL_NULL_CONVERSION = YES;
				CLANG_WARN_OBJC_IMPLICIT_RETAIN_SELF = YES;
				CLANG_WARN_OBJC_LITERAL_CONVERSION = YES;
				CLANG_WARN_OBJC_ROOT_CLASS = YES_ERROR;
				CLANG_WARN_QUOTED_INCLUDE_IN_FRAMEWORK_HEADER = YES;
				CLANG_WARN_RANGE_LOOP_ANALYSIS = YES;
				CLANG_WARN_STRICT_PROTOTYPES = YES;
				CLANG_WARN_SUSPICIOUS_MOVE = YES;
				CLANG_WARN_UNGUARDED_AVAILABILITY = YES_AGGRESSIVE;
				CLANG_WARN_UNREACHABLE_CODE = YES;
				CLANG_WARN__DUPLICATE_METHOD_MATCH = YES;
				COPY_PHASE_STRIP = NO;
				DEBUG_INFORMATION_FORMAT = dwarf;
				ENABLE_STRICT_OBJC_MSGSEND = YES;
				ENABLE_TESTABILITY = YES;
				ENABLE_USER_SCRIPT_SANDBOXING = YES;
				GCC_C_LANGUAGE_STANDARD = gnu11;
				GCC_DYNAMIC_NO_PIC = NO;
				GCC_NO_COMMON_BLOCKS = YES;
				GCC_OPTIMIZATION_LEVEL = 0;
				GCC_PREPROCESSOR_DEFINITIONS = (
					"DEBUG=1",
					"$(inherited)",
				);
				GCC_WARN_64_TO_32_BIT_CONVERSION = YES;
				GCC_WARN_ABOUT_RETURN_TYPE = YES_ERROR;
				GCC_WARN_UNDECLARED_SELECTOR = YES;
				GCC_WARN_UNINITIALIZED_AUTOS = YES_AGGRESSIVE;
				GCC_WARN_UNUSED_FUNCTION = YES;
				GCC_WARN_UNUSED_VARIABLE = YES;
				IPHONEOS_DEPLOYMENT_TARGET = 15.2;
				MTL_ENABLE_DEBUG_INFO = INCLUDE_SOURCE;
				MTL_FAST_MATH = YES;
				ONLY_ACTIVE_ARCH = YES;
				SDKROOT = iphoneos;
				SWIFT_ACTIVE_COMPILATION_CONDITIONS = DEBUG;
				SWIFT_OPTIMIZATION_LEVEL = "-Onone";
			};
			name = Debug;
		};
		5261C0562C70F2950010F7CD /* Release */ = {
			isa = XCBuildConfiguration;
			buildSettings = {
				ALWAYS_SEARCH_USER_PATHS = NO;
				CLANG_ANALYZER_NONNULL = YES;
				CLANG_ANALYZER_NUMBER_OBJECT_CONVERSION = YES_AGGRESSIVE;
				CLANG_CXX_LANGUAGE_STANDARD = "gnu++17";
				CLANG_CXX_LIBRARY = "libc++";
				CLANG_ENABLE_MODULES = YES;
				CLANG_ENABLE_OBJC_ARC = YES;
				CLANG_ENABLE_OBJC_WEAK = YES;
				CLANG_WARN_BLOCK_CAPTURE_AUTORELEASING = YES;
				CLANG_WARN_BOOL_CONVERSION = YES;
				CLANG_WARN_COMMA = YES;
				CLANG_WARN_CONSTANT_CONVERSION = YES;
				CLANG_WARN_DEPRECATED_OBJC_IMPLEMENTATIONS = YES;
				CLANG_WARN_DIRECT_OBJC_ISA_USAGE = YES_ERROR;
				CLANG_WARN_DOCUMENTATION_COMMENTS = YES;
				CLANG_WARN_EMPTY_BODY = YES;
				CLANG_WARN_ENUM_CONVERSION = YES;
				CLANG_WARN_INFINITE_RECURSION = YES;
				CLANG_WARN_INT_CONVERSION = YES;
				CLANG_WARN_NON_LITERAL_NULL_CONVERSION = YES;
				CLANG_WARN_OBJC_IMPLICIT_RETAIN_SELF = YES;
				CLANG_WARN_OBJC_LITERAL_CONVERSION = YES;
				CLANG_WARN_OBJC_ROOT_CLASS = YES_ERROR;
				CLANG_WARN_QUOTED_INCLUDE_IN_FRAMEWORK_HEADER = YES;
				CLANG_WARN_RANGE_LOOP_ANALYSIS = YES;
				CLANG_WARN_STRICT_PROTOTYPES = YES;
				CLANG_WARN_SUSPICIOUS_MOVE = YES;
				CLANG_WARN_UNGUARDED_AVAILABILITY = YES_AGGRESSIVE;
				CLANG_WARN_UNREACHABLE_CODE = YES;
				CLANG_WARN__DUPLICATE_METHOD_MATCH = YES;
				COPY_PHASE_STRIP = NO;
				DEBUG_INFORMATION_FORMAT = "dwarf-with-dsym";
				ENABLE_NS_ASSERTIONS = NO;
				ENABLE_STRICT_OBJC_MSGSEND = YES;
				ENABLE_USER_SCRIPT_SANDBOXING = YES;
				GCC_C_LANGUAGE_STANDARD = gnu11;
				GCC_NO_COMMON_BLOCKS = YES;
				GCC_WARN_64_TO_32_BIT_CONVERSION = YES;
				GCC_WARN_ABOUT_RETURN_TYPE = YES_ERROR;
				GCC_WARN_UNDECLARED_SELECTOR = YES;
				GCC_WARN_UNINITIALIZED_AUTOS = YES_AGGRESSIVE;
				GCC_WARN_UNUSED_FUNCTION = YES;
				GCC_WARN_UNUSED_VARIABLE = YES;
				IPHONEOS_DEPLOYMENT_TARGET = 15.2;
				MTL_ENABLE_DEBUG_INFO = NO;
				MTL_FAST_MATH = YES;
				SDKROOT = iphoneos;
				SWIFT_COMPILATION_MODE = wholemodule;
				SWIFT_OPTIMIZATION_LEVEL = "-O";
				VALIDATE_PRODUCT = YES;
			};
			name = Release;
		};
		5261C0582C70F2950010F7CD /* Debug */ = {
			isa = XCBuildConfiguration;
			buildSettings = {
				ASSETCATALOG_COMPILER_APPICON_NAME = AppIcon;
				ASSETCATALOG_COMPILER_GLOBAL_ACCENT_COLOR_NAME = AccentColor;
				CODE_SIGN_STYLE = Automatic;
				CURRENT_PROJECT_VERSION = 2;
				DEVELOPMENT_ASSET_PATHS = "\"Discernment180W/Preview Content\"";
				DEVELOPMENT_TEAM = 5J7YB69MJL;
				ENABLE_PREVIEWS = YES;
				GENERATE_INFOPLIST_FILE = YES;
				INFOPLIST_FILE = Discernment180W/Info.plist;
				INFOPLIST_KEY_CFBundleDisplayName = D180;
				INFOPLIST_KEY_UIApplicationSceneManifest_Generation = YES;
				INFOPLIST_KEY_UIApplicationSupportsIndirectInputEvents = YES;
				INFOPLIST_KEY_UILaunchScreen_Generation = YES;
				INFOPLIST_KEY_UISupportedInterfaceOrientations_iPad = "UIInterfaceOrientationPortrait UIInterfaceOrientationPortraitUpsideDown UIInterfaceOrientationLandscapeLeft UIInterfaceOrientationLandscapeRight";
				INFOPLIST_KEY_UISupportedInterfaceOrientations_iPhone = "UIInterfaceOrientationPortrait UIInterfaceOrientationLandscapeLeft UIInterfaceOrientationLandscapeRight";
				LD_RUNPATH_SEARCH_PATHS = (
					"$(inherited)",
					"@executable_path/Frameworks",
				);
				MARKETING_VERSION = 1.3;
				PRODUCT_BUNDLE_IDENTIFIER = Flannery.Discernment180W;
				PRODUCT_NAME = "$(TARGET_NAME)";
				SWIFT_EMIT_LOC_STRINGS = YES;
				SWIFT_VERSION = 5.0;
				TARGETED_DEVICE_FAMILY = "1,2";
			};
			name = Debug;
		};
		5261C0592C70F2950010F7CD /* Release */ = {
			isa = XCBuildConfiguration;
			buildSettings = {
				ASSETCATALOG_COMPILER_APPICON_NAME = AppIcon;
				ASSETCATALOG_COMPILER_GLOBAL_ACCENT_COLOR_NAME = AccentColor;
				CODE_SIGN_STYLE = Automatic;
				CURRENT_PROJECT_VERSION = 2;
				DEVELOPMENT_ASSET_PATHS = "\"Discernment180W/Preview Content\"";
				DEVELOPMENT_TEAM = 5J7YB69MJL;
				ENABLE_PREVIEWS = YES;
				GENERATE_INFOPLIST_FILE = YES;
				INFOPLIST_FILE = Discernment180W/Info.plist;
				INFOPLIST_KEY_CFBundleDisplayName = D180;
				INFOPLIST_KEY_UIApplicationSceneManifest_Generation = YES;
				INFOPLIST_KEY_UIApplicationSupportsIndirectInputEvents = YES;
				INFOPLIST_KEY_UILaunchScreen_Generation = YES;
				INFOPLIST_KEY_UISupportedInterfaceOrientations_iPad = "UIInterfaceOrientationPortrait UIInterfaceOrientationPortraitUpsideDown UIInterfaceOrientationLandscapeLeft UIInterfaceOrientationLandscapeRight";
				INFOPLIST_KEY_UISupportedInterfaceOrientations_iPhone = "UIInterfaceOrientationPortrait UIInterfaceOrientationLandscapeLeft UIInterfaceOrientationLandscapeRight";
				LD_RUNPATH_SEARCH_PATHS = (
					"$(inherited)",
					"@executable_path/Frameworks",
				);
				MARKETING_VERSION = 1.3;
				PRODUCT_BUNDLE_IDENTIFIER = Flannery.Discernment180W;
				PRODUCT_NAME = "$(TARGET_NAME)";
				SWIFT_EMIT_LOC_STRINGS = YES;
				SWIFT_VERSION = 5.0;
				TARGETED_DEVICE_FAMILY = "1,2";
			};
			name = Release;
		};
		5261C05B2C70F2950010F7CD /* Debug */ = {
			isa = XCBuildConfiguration;
			buildSettings = {
				BUNDLE_LOADER = "$(TEST_HOST)";
				CODE_SIGN_STYLE = Automatic;
				CURRENT_PROJECT_VERSION = 2;
				DEVELOPMENT_TEAM = 5J7YB69MJL;
				GENERATE_INFOPLIST_FILE = YES;
				IPHONEOS_DEPLOYMENT_TARGET = 15.2;
				MARKETING_VERSION = 1.0;
				PRODUCT_BUNDLE_IDENTIFIER = Flannery.Discernment180WTests;
				PRODUCT_NAME = "$(TARGET_NAME)";
				SWIFT_EMIT_LOC_STRINGS = NO;
				SWIFT_VERSION = 5.0;
				TARGETED_DEVICE_FAMILY = "1,2";
				TEST_HOST = "$(BUILT_PRODUCTS_DIR)/Discernment180W.app/Discernment180W";
			};
			name = Debug;
		};
		5261C05C2C70F2950010F7CD /* Release */ = {
			isa = XCBuildConfiguration;
			buildSettings = {
				BUNDLE_LOADER = "$(TEST_HOST)";
				CODE_SIGN_STYLE = Automatic;
				CURRENT_PROJECT_VERSION = 2;
				DEVELOPMENT_TEAM = 5J7YB69MJL;
				GENERATE_INFOPLIST_FILE = YES;
				IPHONEOS_DEPLOYMENT_TARGET = 15.2;
				MARKETING_VERSION = 1.0;
				PRODUCT_BUNDLE_IDENTIFIER = Flannery.Discernment180WTests;
				PRODUCT_NAME = "$(TARGET_NAME)";
				SWIFT_EMIT_LOC_STRINGS = NO;
				SWIFT_VERSION = 5.0;
				TARGETED_DEVICE_FAMILY = "1,2";
				TEST_HOST = "$(BUILT_PRODUCTS_DIR)/Discernment180W.app/Discernment180W";
			};
			name = Release;
		};
		5261C05E2C70F2950010F7CD /* Debug */ = {
			isa = XCBuildConfiguration;
			buildSettings = {
				CODE_SIGN_STYLE = Automatic;
				CURRENT_PROJECT_VERSION = 2;
				DEVELOPMENT_TEAM = 5J7YB69MJL;
				GENERATE_INFOPLIST_FILE = YES;
				MARKETING_VERSION = 1.0;
				PRODUCT_BUNDLE_IDENTIFIER = Flannery.Discernment180WUITests;
				PRODUCT_NAME = "$(TARGET_NAME)";
				SWIFT_EMIT_LOC_STRINGS = NO;
				SWIFT_VERSION = 5.0;
				TARGETED_DEVICE_FAMILY = "1,2";
				TEST_TARGET_NAME = Discernment180W;
			};
			name = Debug;
		};
		5261C05F2C70F2950010F7CD /* Release */ = {
			isa = XCBuildConfiguration;
			buildSettings = {
				CODE_SIGN_STYLE = Automatic;
				CURRENT_PROJECT_VERSION = 2;
				DEVELOPMENT_TEAM = 5J7YB69MJL;
				GENERATE_INFOPLIST_FILE = YES;
				MARKETING_VERSION = 1.0;
				PRODUCT_BUNDLE_IDENTIFIER = Flannery.Discernment180WUITests;
				PRODUCT_NAME = "$(TARGET_NAME)";
				SWIFT_EMIT_LOC_STRINGS = NO;
				SWIFT_VERSION = 5.0;
				TARGETED_DEVICE_FAMILY = "1,2";
				TEST_TARGET_NAME = Discernment180W;
			};
			name = Release;
		};
/* End XCBuildConfiguration section */

/* Begin XCConfigurationList section */
		5261C02E2C70F2930010F7CD /* Build configuration list for PBXProject "Discernment180W" */ = {
			isa = XCConfigurationList;
			buildConfigurations = (
				5261C0552C70F2950010F7CD /* Debug */,
				5261C0562C70F2950010F7CD /* Release */,
			);
			defaultConfigurationIsVisible = 0;
			defaultConfigurationName = Release;
		};
		5261C0572C70F2950010F7CD /* Build configuration list for PBXNativeTarget "Discernment180W" */ = {
			isa = XCConfigurationList;
			buildConfigurations = (
				5261C0582C70F2950010F7CD /* Debug */,
				5261C0592C70F2950010F7CD /* Release */,
			);
			defaultConfigurationIsVisible = 0;
			defaultConfigurationName = Release;
		};
		5261C05A2C70F2950010F7CD /* Build configuration list for PBXNativeTarget "Discernment180WTests" */ = {
			isa = XCConfigurationList;
			buildConfigurations = (
				5261C05B2C70F2950010F7CD /* Debug */,
				5261C05C2C70F2950010F7CD /* Release */,
			);
			defaultConfigurationIsVisible = 0;
			defaultConfigurationName = Release;
		};
		5261C05D2C70F2950010F7CD /* Build configuration list for PBXNativeTarget "Discernment180WUITests" */ = {
			isa = XCConfigurationList;
			buildConfigurations = (
				5261C05E2C70F2950010F7CD /* Debug */,
				5261C05F2C70F2950010F7CD /* Release */,
			);
			defaultConfigurationIsVisible = 0;
			defaultConfigurationName = Release;
		};
/* End XCConfigurationList section */

/* Begin XCRemoteSwiftPackageReference section */
		52F482F22D35B32C003F3874 /* XCRemoteSwiftPackageReference "supabase-swift" */ = {
			isa = XCRemoteSwiftPackageReference;
			repositoryURL = "https://github.com/supabase-community/supabase-swift";
			requirement = {
				kind = upToNextMajorVersion;
				minimumVersion = 2.5.1;
			};
		};
/* End XCRemoteSwiftPackageReference section */

/* Begin XCSwiftPackageProductDependency section */
		52F482F72D35B719003F3874 /* Supabase */ = {
			isa = XCSwiftPackageProductDependency;
			package = 52F482F22D35B32C003F3874 /* XCRemoteSwiftPackageReference "supabase-swift" */;
			productName = Supabase;
		};
/* End XCSwiftPackageProductDependency section */

/* Begin XCVersionGroup section */
		52CE72C02D31A36D001E7C70 /* Discernment180.xcdatamodeld */ = {
			isa = XCVersionGroup;
			children = (
				52CE72C12D31A36D001E7C70 /* Discernment180.xcdatamodel */,
			);
			currentVersion = 52CE72C12D31A36D001E7C70 /* Discernment180.xcdatamodel */;
			path = Discernment180.xcdatamodeld;
			sourceTree = "<group>";
			versionGroupType = wrapper.xcdatamodel;
		};
/* End XCVersionGroup section */
	};
	rootObject = 5261C02B2C70F2930010F7CD /* Project object */;
}
